
Microsoft Visual Studio Solution File, Format Version 12.00
# Visual Studio Version 16
VisualStudioVersion = 16.0.31205.134
MinimumVisualStudioVersion = 10.0.40219.1
Project("{9A19103F-16F7-4668-BE54-9A1E7A4F7556}") = "DBSAPI", "DBSAPI.csproj", "{84268F91-9F98-4719-ACAE-B4831F71E1C4}"
EndProject
Project("{FAE04EC0-301F-11D3-BF4B-00C04F79EFBC}") = "TestDBSAPI", "..\TestDBSAPI\TestDBSAPI.csproj", "{6B86F8A6-970C-4581-8561-59D51F7168E6}"
EndProject
Global
	GlobalSection(SolutionConfigurationPlatforms) = preSolution
		Debug|Any CPU = Debug|Any CPU
		Release|Any CPU = Release|Any CPU
	EndGlobalSection
	GlobalSection(ProjectConfigurationPlatforms) = postSolution
		{84268F91-9F98-4719-ACAE-B4831F71E1C4}.Debug|Any CPU.ActiveCfg = Debug|Any CPU
		{84268F91-9F98-4719-ACAE-B4831F71E1C4}.Debug|Any CPU.Build.0 = Debug|Any CPU
		{84268F91-9F98-4719-ACAE-B4831F71E1C4}.Release|Any CPU.ActiveCfg = Release|Any CPU
		{84268F91-9F98-4719-ACAE-B4831F71E1C4}.Release|Any CPU.Build.0 = Release|Any CPU
		{6B86F8A6-970C-4581-8561-59D51F7168E6}.Debug|Any CPU.ActiveCfg = Debug|Any CPU
		{6B86F8A6-970C-4581-8561-59D51F7168E6}.Debug|Any CPU.Build.0 = Debug|Any CPU
		{6B86F8A6-970C-4581-8561-59D51F7168E6}.Release|Any CPU.ActiveCfg = Release|Any CPU
		{6B86F8A6-970C-4581-8561-59D51F7168E6}.Release|Any CPU.Build.0 = Release|Any CPU
	EndGlobalSection
	GlobalSection(SolutionProperties) = preSolution
		HideSolutionNode = FALSE
	EndGlobalSection
	GlobalSection(ExtensibilityGlobals) = postSolution
		SolutionGuid = {A095D10A-400F-4514-BAFB-39EE568FF79A}
	EndGlobalSection
EndGlobal
